
Microsoft Visual Studio Solution File, Format Version 12.00
# Visual Studio 15
VisualStudioVersion = 15.0.27130.2010
MinimumVisualStudioVersion = 10.0.40219.1
Project("{FAE04EC0-301F-11D3-BF4B-00C04F79EFBC}") = "MarketOtomasyon", "MarketOtomasyon\MarketOtomasyon.csproj", "{918DC8BB-1B85-4D9D-A986-35B175C94324}"
EndProject
Global
	GlobalSection(SolutionConfigurationPlatforms) = preSolution
		Debug|Any CPU = Debug|Any CPU
		Release|Any CPU = Release|Any CPU
	EndGlobalSection
	GlobalSection(ProjectConfigurationPlatforms) = postSolution
		{918DC8BB-1B85-4D9D-A986-35B175C94324}.Debug|Any CPU.ActiveCfg = Debug|Any CPU
		{918DC8BB-1B85-4D9D-A986-35B175C94324}.Debug|Any CPU.Build.0 = Debug|Any CPU
		{918DC8BB-1B85-4D9D-A986-35B175C94324}.Release|Any CPU.ActiveCfg = Release|Any CPU
		{918DC8BB-1B85-4D9D-A986-35B175C94324}.Release|Any CPU.Build.0 = Release|Any CPU
	EndGlobalSection
	GlobalSection(SolutionProperties) = preSolution
		HideSolutionNode = FALSE
	EndGlobalSection
	GlobalSection(ExtensibilityGlobals) = postSolution
		SolutionGuid = {04F0E6DA-C581-4D2A-A485-9E79C2597BDE}
	EndGlobalSection
EndGlobal
